<?xml version="1.0" encoding="utf-8"?>
<Project ToolsVersion="4.0" xmlns="http://schemas.microsoft.com/developer/msbuild/2003">
  <ItemGroup>
    <ClCompile Include="TestApp.cpp" />
    <ClCompile Include="RemoteHookTest.cpp" />
    <ClCompile Include="RemoteCallTest.cpp" />
    <ClCompile Include="MMapTest.cpp" />
    <ClCompile Include="DriverTest.cpp" />
    <ClCompile Include="RemoteMemTest.cpp" />
    <ClCompile Include="LocalHookTest.cpp" />
    <ClCompile Include="PatternTest.cpp" />
    <ClCompile Include="MultiPtrTest.cpp" />
    <ClCompile Include="AsmTest.cpp" />
  </ItemGroup>
  <ItemGroup>
    <ClInclude Include="Tests.h" />
    <ClInclude Include="..\..\contrib\Catch\catch.hpp" />
  </ItemGroup>
</Project>