<?xml version="1.0" encoding="utf-8"?>
<Project ToolsVersion="4.0" xmlns="http://schemas.microsoft.com/developer/msbuild/2003">
  <ItemGroup>
    <ClCompile Include="Loader.c">
      <Filter>ImageLoader</Filter>
    </ClCompile>
    <ClCompile Include="MMap.c">
      <Filter>ImageLoader</Filter>
    </ClCompile>
    <ClCompile Include="ldrreloc.c">
      <Filter>ImageLoader</Filter>
    </ClCompile>
    <ClCompile Include="Inject.c">
      <Filter>ImageLoader</Filter>
    </ClCompile>
    <ClCompile Include="BlackBoneDrv.c">
      <Filter>Core</Filter>
    </ClCompile>
    <ClCompile Include="Dispatch.c">
      <Filter>Core</Filter>
    </ClCompile>
    <ClCompile Include="Routines.c">
      <Filter>Core</Filter>
    </ClCompile>
    <ClCompile Include="NotifyRoutine.c">
      <Filter>Helpers</Filter>
    </ClCompile>
    <ClCompile Include="Utils.c">
      <Filter>Helpers</Filter>
    </ClCompile>
    <ClCompile Include="Private.c">
      <Filter>Core</Filter>
    </ClCompile>
    <ClCompile Include="Remap.c">
      <Filter>Core</Filter>
    </ClCompile>
    <ClCompile Include="VadHelpers.c">
      <Filter>Helpers</Filter>
    </ClCompile>
    <ClCompile Include="VadRoutines.c">
      <Filter>Core</Filter>
    </ClCompile>
  </ItemGroup>
  <ItemGroup>
    <ClInclude Include="Remap.h">
      <Filter>Include</Filter>
    </ClInclude>
    <ClInclude Include="NativeStructs.h">
      <Filter>Include\Native</Filter>
    </ClInclude>
    <ClInclude Include="NativeStructs7.h">
      <Filter>Include\Native</Filter>
    </ClInclude>
    <ClInclude Include="NativeStructs8.h">
      <Filter>Include\Native</Filter>
    </ClInclude>
    <ClInclude Include="NativeStructs81.h">
      <Filter>Include\Native</Filter>
    </ClInclude>
    <ClInclude Include="VadRoutines.h">
      <Filter>Include</Filter>
    </ClInclude>
    <ClInclude Include="VadHelpers.h">
      <Filter>Include</Filter>
    </ClInclude>
    <ClInclude Include="BlackBoneDrv.h">
      <Filter>Include</Filter>
    </ClInclude>
    <ClInclude Include="BlackBoneDef.h">
      <Filter>Include</Filter>
    </ClInclude>
    <ClInclude Include="NativeEnums.h">
      <Filter>Include\Native</Filter>
    </ClInclude>
    <ClInclude Include="Private.h">
      <Filter>Include</Filter>
    </ClInclude>
    <ClInclude Include="Routines.h">
      <Filter>Include</Filter>
    </ClInclude>
    <ClInclude Include="Imports.h">
      <Filter>Include\Native</Filter>
    </ClInclude>
    <ClInclude Include="PEStructs.h">
      <Filter>Include\Native</Filter>
    </ClInclude>
    <ClInclude Include="Loader.h">
      <Filter>Include</Filter>
    </ClInclude>
    <ClInclude Include="NativeStructs10.h">
      <Filter>Include\Native</Filter>
    </ClInclude>
    <ClInclude Include="Utils.h">
      <Filter>Include</Filter>
    </ClInclude>
  </ItemGroup>
  <ItemGroup>
    <Filter Include="Include">
      <UniqueIdentifier>{b7e17437-db3c-4555-9fd0-40e3b20f6b54}</UniqueIdentifier>
    </Filter>
    <Filter Include="Include\Native">
      <UniqueIdentifier>{1777770d-b977-4802-9b7d-a2c21fcfed88}</UniqueIdentifier>
    </Filter>
    <Filter Include="ImageLoader">
      <UniqueIdentifier>{8be939a3-549a-412d-a84a-7412ef2ad186}</UniqueIdentifier>
    </Filter>
    <Filter Include="Core">
      <UniqueIdentifier>{5f2d2fea-d59d-40a3-a70f-9d75f5fdedf4}</UniqueIdentifier>
    </Filter>
    <Filter Include="Helpers">
      <UniqueIdentifier>{2ad9b16d-24eb-4a97-bb5b-d815b83b78c7}</UniqueIdentifier>
    </Filter>
  </ItemGroup>
</Project>