<?xml version="1.0" encoding="utf-8"?>
<Project ToolsVersion="4.0" xmlns="http://schemas.microsoft.com/developer/msbuild/2003">
  <ItemGroup>
    <Filter Include="PE">
      <UniqueIdentifier>{8d39d5e3-9347-4412-9a68-95b90cc7654a}</UniqueIdentifier>
    </Filter>
    <Filter Include="Include">
      <UniqueIdentifier>{9f7d218c-4abc-47f0-ab3c-2c6f37bb9d04}</UniqueIdentifier>
    </Filter>
    <Filter Include="Process">
      <UniqueIdentifier>{9c7a518e-ce73-4f5b-b7cd-9bf492b33049}</UniqueIdentifier>
    </Filter>
    <Filter Include="Misc">
      <UniqueIdentifier>{f8083125-f26d-4616-ad96-953138aa082d}</UniqueIdentifier>
    </Filter>
    <Filter Include="Patterns">
      <UniqueIdentifier>{c2a29073-8ede-457a-aa0e-144361cafe47}</UniqueIdentifier>
    </Filter>
    <Filter Include="Process\Threads">
      <UniqueIdentifier>{84d4abb7-680c-40f6-a060-d57309a17b7c}</UniqueIdentifier>
    </Filter>
    <Filter Include="ManualMap">
      <UniqueIdentifier>{2a23b60b-d2f9-4865-be48-004c57a2f7bd}</UniqueIdentifier>
    </Filter>
    <Filter Include="ManualMap\Native">
      <UniqueIdentifier>{ed49eaa5-5d59-4422-9da7-4e68f2e82774}</UniqueIdentifier>
    </Filter>
    <Filter Include="AsmJit">
      <UniqueIdentifier>{400c27bd-fb7a-4125-abf2-90a4bdb04f09}</UniqueIdentifier>
    </Filter>
    <Filter Include="AsmJit\Helpers">
      <UniqueIdentifier>{e856edb5-6e81-44c0-a687-1901b1cc2c3d}</UniqueIdentifier>
    </Filter>
    <Filter Include="LocalHook">
      <UniqueIdentifier>{d8e1ddde-63c1-40a4-b8c6-5285e4fad4ba}</UniqueIdentifier>
    </Filter>
    <Filter Include="DriverControl">
      <UniqueIdentifier>{3ed75fd0-62a1-4a6a-a158-6749fb3f3d90}</UniqueIdentifier>
    </Filter>
    <Filter Include="Process\Remote">
      <UniqueIdentifier>{f688ae04-991b-40b2-9243-89e38275be42}</UniqueIdentifier>
    </Filter>
    <Filter Include="Subsystem">
      <UniqueIdentifier>{7eb59189-daeb-47d1-9fa8-c9e246b22039}</UniqueIdentifier>
    </Filter>
    <Filter Include="Symbols">
      <UniqueIdentifier>{e666a795-e3de-4277-9223-b220c8d109ed}</UniqueIdentifier>
    </Filter>
    <Filter Include="Syscalls">
      <UniqueIdentifier>{8ce61b72-1088-4cd7-b7a9-e7cdb027304e}</UniqueIdentifier>
    </Filter>
    <Filter Include="AsmJit\Core">
      <UniqueIdentifier>{17723aac-b0ad-4dcc-b805-f12c231d4303}</UniqueIdentifier>
    </Filter>
  </ItemGroup>
  <ItemGroup>
    <ClCompile Include="Subsystem\NativeSubsystem.cpp">
      <Filter>Subsystem</Filter>
    </ClCompile>
    <ClCompile Include="Subsystem\Wow64Subsystem.cpp">
      <Filter>Subsystem</Filter>
    </ClCompile>
    <ClCompile Include="Subsystem\x86Subsystem.cpp">
      <Filter>Subsystem</Filter>
    </ClCompile>
    <ClCompile Include="Process\MemBlock.cpp">
      <Filter>Process</Filter>
    </ClCompile>
    <ClCompile Include="Process\Process.cpp">
      <Filter>Process</Filter>
    </ClCompile>
    <ClCompile Include="Process\ProcessCore.cpp">
      <Filter>Process</Filter>
    </ClCompile>
    <ClCompile Include="Process\ProcessMemory.cpp">
      <Filter>Process</Filter>
    </ClCompile>
    <ClCompile Include="Process\ProcessModules.cpp">
      <Filter>Process</Filter>
    </ClCompile>
    <ClCompile Include="Process\Threads\Thread.cpp">
      <Filter>Process\Threads</Filter>
    </ClCompile>
    <ClCompile Include="Process\Threads\Threads.cpp">
      <Filter>Process\Threads</Filter>
    </ClCompile>
    <ClCompile Include="Process\RPC\RemoteExec.cpp">
      <Filter>Process\Remote</Filter>
    </ClCompile>
    <ClCompile Include="Process\RPC\RemoteHook.cpp">
      <Filter>Process\Remote</Filter>
    </ClCompile>
    <ClCompile Include="PE\ImageNET.cpp">
      <Filter>PE</Filter>
    </ClCompile>
    <ClCompile Include="Patterns\PatternSearch.cpp">
      <Filter>Patterns</Filter>
    </ClCompile>
    <ClCompile Include="Misc\NameResolve.cpp">
      <Filter>Misc</Filter>
    </ClCompile>
    <ClCompile Include="Misc\Utils.cpp">
      <Filter>Misc</Filter>
    </ClCompile>
    <ClCompile Include="ManualMap\MExcept.cpp">
      <Filter>ManualMap</Filter>
    </ClCompile>
    <ClCompile Include="ManualMap\MMap.cpp">
      <Filter>ManualMap</Filter>
    </ClCompile>
    <ClCompile Include="ManualMap\Native\NtLoader.cpp">
      <Filter>ManualMap\Native</Filter>
    </ClCompile>
    <ClCompile Include="LocalHook\LocalHookBase.cpp">
      <Filter>LocalHook</Filter>
    </ClCompile>
    <ClCompile Include="LocalHook\TraceHook.cpp">
      <Filter>LocalHook</Filter>
    </ClCompile>
    <ClCompile Include="DriverControl\DriverControl.cpp">
      <Filter>DriverControl</Filter>
    </ClCompile>
    <ClCompile Include="Process\RPC\RemoteMemory.cpp">
      <Filter>Process\Remote</Filter>
    </ClCompile>
    <ClCompile Include="Asm\AsmHelper32.cpp">
      <Filter>AsmJit\Helpers</Filter>
    </ClCompile>
    <ClCompile Include="Asm\AsmHelper64.cpp">
      <Filter>AsmJit\Helpers</Filter>
    </ClCompile>
    <ClCompile Include="Asm\LDasm.c">
      <Filter>AsmJit\Helpers</Filter>
    </ClCompile>
    <ClCompile Include="PE\PEImage.cpp">
      <Filter>PE</Filter>
    </ClCompile>
    <ClCompile Include="Process\RPC\RemoteLocalHook.cpp">
      <Filter>Process\Remote</Filter>
    </ClCompile>
    <ClCompile Include="Misc\InitOnce.cpp">
      <Filter>Misc</Filter>
    </ClCompile>
    <ClCompile Include="..\3rd_party\rewolf-wow64ext\src\wow64ext.cpp">
      <Filter>Subsystem</Filter>
    </ClCompile>
    <ClCompile Include="DllMain.cpp" />
    <ClCompile Include="Symbols\SymbolLoader.cpp">
      <Filter>Symbols</Filter>
    </ClCompile>
    <ClCompile Include="Symbols\PatternLoader.cpp">
      <Filter>Symbols</Filter>
    </ClCompile>
    <ClCompile Include="Symbols\PDBHelper.cpp">
      <Filter>Symbols</Filter>
    </ClCompile>
    <ClCompile Include="Symbols\SymbolData.cpp">
      <Filter>Symbols</Filter>
    </ClCompile>
    <ClCompile Include="..\3rd_party\AsmJit\x86\x86archdata.cpp">
      <Filter>AsmJit\Core</Filter>
    </ClCompile>
    <ClCompile Include="..\3rd_party\AsmJit\x86\x86assembler.cpp">
      <Filter>AsmJit\Core</Filter>
    </ClCompile>
    <ClCompile Include="..\3rd_party\AsmJit\x86\x86builder.cpp">
      <Filter>AsmJit\Core</Filter>
    </ClCompile>
    <ClCompile Include="..\3rd_party\AsmJit\x86\x86callconv.cpp">
      <Filter>AsmJit\Core</Filter>
    </ClCompile>
    <ClCompile Include="..\3rd_party\AsmJit\x86\x86compiler.cpp">
      <Filter>AsmJit\Core</Filter>
    </ClCompile>
    <ClCompile Include="..\3rd_party\AsmJit\x86\x86features.cpp">
      <Filter>AsmJit\Core</Filter>
    </ClCompile>
    <ClCompile Include="..\3rd_party\AsmJit\x86\x86formatter.cpp">
      <Filter>AsmJit\Core</Filter>
    </ClCompile>
    <ClCompile Include="..\3rd_party\AsmJit\x86\x86instapi.cpp">
      <Filter>AsmJit\Core</Filter>
    </ClCompile>
    <ClCompile Include="..\3rd_party\AsmJit\x86\x86instdb.cpp">
      <Filter>AsmJit\Core</Filter>
    </ClCompile>
    <ClCompile Include="..\3rd_party\AsmJit\x86\x86internal.cpp">
      <Filter>AsmJit\Core</Filter>
    </ClCompile>
    <ClCompile Include="..\3rd_party\AsmJit\x86\x86operand.cpp">
      <Filter>AsmJit\Core</Filter>
    </ClCompile>
    <ClCompile Include="..\3rd_party\AsmJit\x86\x86rapass.cpp">
      <Filter>AsmJit\Core</Filter>
    </ClCompile>
    <ClCompile Include="..\3rd_party\AsmJit\core\arch.cpp">
      <Filter>AsmJit\Core</Filter>
    </ClCompile>
    <ClCompile Include="..\3rd_party\AsmJit\core\assembler.cpp">
      <Filter>AsmJit\Core</Filter>
    </ClCompile>
    <ClCompile Include="..\3rd_party\AsmJit\core\builder.cpp">
      <Filter>AsmJit\Core</Filter>
    </ClCompile>
    <ClCompile Include="..\3rd_party\AsmJit\core\callconv.cpp">
      <Filter>AsmJit\Core</Filter>
    </ClCompile>
    <ClCompile Include="..\3rd_party\AsmJit\core\codeholder.cpp">
      <Filter>AsmJit\Core</Filter>
    </ClCompile>
    <ClCompile Include="..\3rd_party\AsmJit\core\compiler.cpp">
      <Filter>AsmJit\Core</Filter>
    </ClCompile>
    <ClCompile Include="..\3rd_party\AsmJit\core\constpool.cpp">
      <Filter>AsmJit\Core</Filter>
    </ClCompile>
    <ClCompile Include="..\3rd_party\AsmJit\core\cpuinfo.cpp">
      <Filter>AsmJit\Core</Filter>
    </ClCompile>
    <ClCompile Include="..\3rd_party\AsmJit\core\emitter.cpp">
      <Filter>AsmJit\Core</Filter>
    </ClCompile>
    <ClCompile Include="..\3rd_party\AsmJit\core\emitterutils.cpp">
      <Filter>AsmJit\Core</Filter>
    </ClCompile>
    <ClCompile Include="..\3rd_party\AsmJit\core\environment.cpp">
      <Filter>AsmJit\Core</Filter>
    </ClCompile>
    <ClCompile Include="..\3rd_party\AsmJit\core\errorhandler.cpp">
      <Filter>AsmJit\Core</Filter>
    </ClCompile>
    <ClCompile Include="..\3rd_party\AsmJit\core\formatter.cpp">
      <Filter>AsmJit\Core</Filter>
    </ClCompile>
    <ClCompile Include="..\3rd_party\AsmJit\core\func.cpp">
      <Filter>AsmJit\Core</Filter>
    </ClCompile>
    <ClCompile Include="..\3rd_party\AsmJit\core\globals.cpp">
      <Filter>AsmJit\Core</Filter>
    </ClCompile>
    <ClCompile Include="..\3rd_party\AsmJit\core\inst.cpp">
      <Filter>AsmJit\Core</Filter>
    </ClCompile>
    <ClCompile Include="..\3rd_party\AsmJit\core\jitallocator.cpp">
      <Filter>AsmJit\Core</Filter>
    </ClCompile>
    <ClCompile Include="..\3rd_party\AsmJit\core\jitruntime.cpp">
      <Filter>AsmJit\Core</Filter>
    </ClCompile>
    <ClCompile Include="..\3rd_party\AsmJit\core\logger.cpp">
      <Filter>AsmJit\Core</Filter>
    </ClCompile>
    <ClCompile Include="..\3rd_party\AsmJit\core\operand.cpp">
      <Filter>AsmJit\Core</Filter>
    </ClCompile>
    <ClCompile Include="..\3rd_party\AsmJit\core\osutils.cpp">
      <Filter>AsmJit\Core</Filter>
    </ClCompile>
    <ClCompile Include="..\3rd_party\AsmJit\core\ralocal.cpp">
      <Filter>AsmJit\Core</Filter>
    </ClCompile>
    <ClCompile Include="..\3rd_party\AsmJit\core\rapass.cpp">
      <Filter>AsmJit\Core</Filter>
    </ClCompile>
    <ClCompile Include="..\3rd_party\AsmJit\core\rastack.cpp">
      <Filter>AsmJit\Core</Filter>
    </ClCompile>
    <ClCompile Include="..\3rd_party\AsmJit\core\string.cpp">
      <Filter>AsmJit\Core</Filter>
    </ClCompile>
    <ClCompile Include="..\3rd_party\AsmJit\core\support.cpp">
      <Filter>AsmJit\Core</Filter>
    </ClCompile>
    <ClCompile Include="..\3rd_party\AsmJit\core\target.cpp">
      <Filter>AsmJit\Core</Filter>
    </ClCompile>
    <ClCompile Include="..\3rd_party\AsmJit\core\type.cpp">
      <Filter>AsmJit\Core</Filter>
    </ClCompile>
    <ClCompile Include="..\3rd_party\AsmJit\core\virtmem.cpp">
      <Filter>AsmJit\Core</Filter>
    </ClCompile>
    <ClCompile Include="..\3rd_party\AsmJit\core\zone.cpp">
      <Filter>AsmJit\Core</Filter>
    </ClCompile>
    <ClCompile Include="..\3rd_party\AsmJit\core\zonehash.cpp">
      <Filter>AsmJit\Core</Filter>
    </ClCompile>
    <ClCompile Include="..\3rd_party\AsmJit\core\zonelist.cpp">
      <Filter>AsmJit\Core</Filter>
    </ClCompile>
    <ClCompile Include="..\3rd_party\AsmJit\core\zonestack.cpp">
      <Filter>AsmJit\Core</Filter>
    </ClCompile>
    <ClCompile Include="..\3rd_party\AsmJit\core\zonetree.cpp">
      <Filter>AsmJit\Core</Filter>
    </ClCompile>
    <ClCompile Include="..\3rd_party\AsmJit\core\zonevector.cpp">
      <Filter>AsmJit\Core</Filter>
    </ClCompile>
  </ItemGroup>
  <ItemGroup>
    <ClInclude Include="Config.h" />
    <ClInclude Include="Subsystem\NativeSubsystem.h">
      <Filter>Subsystem</Filter>
    </ClInclude>
    <ClInclude Include="Subsystem\Wow64Subsystem.h">
      <Filter>Subsystem</Filter>
    </ClInclude>
    <ClInclude Include="Subsystem\x86Subsystem.h">
      <Filter>Subsystem</Filter>
    </ClInclude>
    <ClInclude Include="Process\MemBlock.h">
      <Filter>Process</Filter>
    </ClInclude>
    <ClInclude Include="Process\Process.h">
      <Filter>Process</Filter>
    </ClInclude>
    <ClInclude Include="Process\ProcessCore.h">
      <Filter>Process</Filter>
    </ClInclude>
    <ClInclude Include="Process\ProcessMemory.h">
      <Filter>Process</Filter>
    </ClInclude>
    <ClInclude Include="Process\ProcessModules.h">
      <Filter>Process</Filter>
    </ClInclude>
    <ClInclude Include="Process\Threads\Thread.h">
      <Filter>Process\Threads</Filter>
    </ClInclude>
    <ClInclude Include="Process\Threads\Threads.h">
      <Filter>Process\Threads</Filter>
    </ClInclude>
    <ClInclude Include="Process\RPC\RemoteContext.hpp">
      <Filter>Process\Remote</Filter>
    </ClInclude>
    <ClInclude Include="Process\RPC\RemoteExec.h">
      <Filter>Process\Remote</Filter>
    </ClInclude>
    <ClInclude Include="Process\RPC\RemoteFunction.hpp">
      <Filter>Process\Remote</Filter>
    </ClInclude>
    <ClInclude Include="Process\RPC\RemoteHook.h">
      <Filter>Process\Remote</Filter>
    </ClInclude>
    <ClInclude Include="PE\ImageNET.h">
      <Filter>PE</Filter>
    </ClInclude>
    <ClInclude Include="Patterns\PatternSearch.h">
      <Filter>Patterns</Filter>
    </ClInclude>
    <ClInclude Include="Misc\DynImport.h">
      <Filter>Misc</Filter>
    </ClInclude>
    <ClInclude Include="Misc\NameResolve.h">
      <Filter>Misc</Filter>
    </ClInclude>
    <ClInclude Include="Misc\Trace.hpp">
      <Filter>Misc</Filter>
    </ClInclude>
    <ClInclude Include="Misc\Utils.h">
      <Filter>Misc</Filter>
    </ClInclude>
    <ClInclude Include="ManualMap\MExcept.h">
      <Filter>ManualMap</Filter>
    </ClInclude>
    <ClInclude Include="ManualMap\MMap.h">
      <Filter>ManualMap</Filter>
    </ClInclude>
    <ClInclude Include="ManualMap\Native\NtLoader.h">
      <Filter>ManualMap\Native</Filter>
    </ClInclude>
    <ClInclude Include="LocalHook\HookHandlerCdecl.h">
      <Filter>LocalHook</Filter>
    </ClInclude>
    <ClInclude Include="LocalHook\HookHandlerFastcall.h">
      <Filter>LocalHook</Filter>
    </ClInclude>
    <ClInclude Include="LocalHook\HookHandlers.h">
      <Filter>LocalHook</Filter>
    </ClInclude>
    <ClInclude Include="LocalHook\HookHandlerStdcall.h">
      <Filter>LocalHook</Filter>
    </ClInclude>
    <ClInclude Include="LocalHook\HookHandlerThiscall.h">
      <Filter>LocalHook</Filter>
    </ClInclude>
    <ClInclude Include="LocalHook\LocalHook.hpp">
      <Filter>LocalHook</Filter>
    </ClInclude>
    <ClInclude Include="LocalHook\LocalHookBase.h">
      <Filter>LocalHook</Filter>
    </ClInclude>
    <ClInclude Include="LocalHook\TraceHook.h">
      <Filter>LocalHook</Filter>
    </ClInclude>
    <ClInclude Include="LocalHook\VTableHook.hpp">
      <Filter>LocalHook</Filter>
    </ClInclude>
    <ClInclude Include="Include\FunctionTypes.h">
      <Filter>Include</Filter>
    </ClInclude>
    <ClInclude Include="Include\Macro.h">
      <Filter>Include</Filter>
    </ClInclude>
    <ClInclude Include="Include\NativeStructures.h">
      <Filter>Include</Filter>
    </ClInclude>
    <ClInclude Include="Include\Types.h">
      <Filter>Include</Filter>
    </ClInclude>
    <ClInclude Include="Include\Win7Specific.h">
      <Filter>Include</Filter>
    </ClInclude>
    <ClInclude Include="Include\Win8Specific.h">
      <Filter>Include</Filter>
    </ClInclude>
    <ClInclude Include="Include\Winheaders.h">
      <Filter>Include</Filter>
    </ClInclude>
    <ClInclude Include="DriverControl\DriverControl.h">
      <Filter>DriverControl</Filter>
    </ClInclude>
    <ClInclude Include="Process\RPC\RemoteMemory.h">
      <Filter>Process\Remote</Filter>
    </ClInclude>
    <ClInclude Include="Asm\AsmHelper64.h">
      <Filter>AsmJit\Helpers</Filter>
    </ClInclude>
    <ClInclude Include="Asm\AsmHelper32.h">
      <Filter>AsmJit\Helpers</Filter>
    </ClInclude>
    <ClInclude Include="Asm\AsmVariant.hpp">
      <Filter>AsmJit\Helpers</Filter>
    </ClInclude>
    <ClInclude Include="Asm\AsmStack.hpp">
      <Filter>AsmJit\Helpers</Filter>
    </ClInclude>
    <ClInclude Include="Asm\LDasm.h">
      <Filter>AsmJit\Helpers</Filter>
    </ClInclude>
    <ClInclude Include="PE\PEImage.h">
      <Filter>PE</Filter>
    </ClInclude>
    <ClInclude Include="Misc\Thunk.hpp">
      <Filter>Misc</Filter>
    </ClInclude>
    <ClInclude Include="Process\RPC\RemoteLocalHook.h">
      <Filter>Process\Remote</Filter>
    </ClInclude>
    <ClInclude Include="Include\WinXPSpecific.h">
      <Filter>Include</Filter>
    </ClInclude>
    <ClInclude Include="Include\ApiSet.h">
      <Filter>Include</Filter>
    </ClInclude>
    <ClInclude Include="Process\MultPtr.hpp">
      <Filter>Process</Filter>
    </ClInclude>
    <ClInclude Include="Misc\InitOnce.h">
      <Filter>Misc</Filter>
    </ClInclude>
    <ClInclude Include="..\3rd_party\rewolf-wow64ext\src\wow64ext.h">
      <Filter>Subsystem</Filter>
    </ClInclude>
    <ClInclude Include="Include\CallResult.h">
      <Filter>Include</Filter>
    </ClInclude>
    <ClInclude Include="Asm\IAsmHelper.h">
      <Filter>AsmJit\Helpers</Filter>
    </ClInclude>
    <ClInclude Include="Asm\AsmFactory.h">
      <Filter>AsmJit\Helpers</Filter>
    </ClInclude>
    <ClInclude Include="Include\NativeEnums.h">
      <Filter>Include</Filter>
    </ClInclude>
    <ClInclude Include="Include\HandleGuard.h">
      <Filter>Include</Filter>
    </ClInclude>
    <ClInclude Include="Symbols\SymbolData.h">
      <Filter>Symbols</Filter>
    </ClInclude>
    <ClInclude Include="Symbols\SymbolLoader.h">
      <Filter>Symbols</Filter>
    </ClInclude>
    <ClInclude Include="Symbols\PatternLoader.h">
      <Filter>Symbols</Filter>
    </ClInclude>
    <ClInclude Include="Symbols\PDBHelper.h">
      <Filter>Symbols</Filter>
    </ClInclude>
    <ClInclude Include="Syscalls\Syscall.h">
      <Filter>Syscalls</Filter>
    </ClInclude>
    <ClInclude Include="..\3rd_party\AsmJit\asmjit.h">
      <Filter>AsmJit\Core</Filter>
    </ClInclude>
    <ClInclude Include="..\3rd_party\AsmJit\core.h">
      <Filter>AsmJit\Core</Filter>
    </ClInclude>
    <ClInclude Include="..\3rd_party\AsmJit\x86.h">
      <Filter>AsmJit\Core</Filter>
    </ClInclude>
    <ClInclude Include="..\3rd_party\AsmJit\x86\x86archdata_p.h">
      <Filter>AsmJit\Core</Filter>
    </ClInclude>
    <ClInclude Include="..\3rd_party\AsmJit\x86\x86assembler.h">
      <Filter>AsmJit\Core</Filter>
    </ClInclude>
    <ClInclude Include="..\3rd_party\AsmJit\x86\x86builder.h">
      <Filter>AsmJit\Core</Filter>
    </ClInclude>
    <ClInclude Include="..\3rd_party\AsmJit\x86\x86callconv_p.h">
      <Filter>AsmJit\Core</Filter>
    </ClInclude>
    <ClInclude Include="..\3rd_party\AsmJit\x86\x86compiler.h">
      <Filter>AsmJit\Core</Filter>
    </ClInclude>
    <ClInclude Include="..\3rd_party\AsmJit\x86\x86emitter.h">
      <Filter>AsmJit\Core</Filter>
    </ClInclude>
    <ClInclude Include="..\3rd_party\AsmJit\x86\x86features.h">
      <Filter>AsmJit\Core</Filter>
    </ClInclude>
    <ClInclude Include="..\3rd_party\AsmJit\x86\x86formatter_p.h">
      <Filter>AsmJit\Core</Filter>
    </ClInclude>
    <ClInclude Include="..\3rd_party\AsmJit\x86\x86globals.h">
      <Filter>AsmJit\Core</Filter>
    </ClInclude>
    <ClInclude Include="..\3rd_party\AsmJit\x86\x86instapi_p.h">
      <Filter>AsmJit\Core</Filter>
    </ClInclude>
    <ClInclude Include="..\3rd_party\AsmJit\x86\x86instdb.h">
      <Filter>AsmJit\Core</Filter>
    </ClInclude>
    <ClInclude Include="..\3rd_party\AsmJit\x86\x86instdb_p.h">
      <Filter>AsmJit\Core</Filter>
    </ClInclude>
    <ClInclude Include="..\3rd_party\AsmJit\x86\x86internal_p.h">
      <Filter>AsmJit\Core</Filter>
    </ClInclude>
    <ClInclude Include="..\3rd_party\AsmJit\x86\x86opcode_p.h">
      <Filter>AsmJit\Core</Filter>
    </ClInclude>
    <ClInclude Include="..\3rd_party\AsmJit\x86\x86operand.h">
      <Filter>AsmJit\Core</Filter>
    </ClInclude>
    <ClInclude Include="..\3rd_party\AsmJit\x86\x86rapass_p.h">
      <Filter>AsmJit\Core</Filter>
    </ClInclude>
    <ClInclude Include="..\3rd_party\AsmJit\core\api-build_p.h">
      <Filter>AsmJit\Core</Filter>
    </ClInclude>
    <ClInclude Include="..\3rd_party\AsmJit\core\api-config.h">
      <Filter>AsmJit\Core</Filter>
    </ClInclude>
    <ClInclude Include="..\3rd_party\AsmJit\core\arch.h">
      <Filter>AsmJit\Core</Filter>
    </ClInclude>
    <ClInclude Include="..\3rd_party\AsmJit\core\assembler.h">
      <Filter>AsmJit\Core</Filter>
    </ClInclude>
    <ClInclude Include="..\3rd_party\AsmJit\core\builder.h">
      <Filter>AsmJit\Core</Filter>
    </ClInclude>
    <ClInclude Include="..\3rd_party\AsmJit\core\callconv.h">
      <Filter>AsmJit\Core</Filter>
    </ClInclude>
    <ClInclude Include="..\3rd_party\AsmJit\core\codebuffer.h">
      <Filter>AsmJit\Core</Filter>
    </ClInclude>
    <ClInclude Include="..\3rd_party\AsmJit\core\codebufferwriter_p.h">
      <Filter>AsmJit\Core</Filter>
    </ClInclude>
    <ClInclude Include="..\3rd_party\AsmJit\core\codeholder.h">
      <Filter>AsmJit\Core</Filter>
    </ClInclude>
    <ClInclude Include="..\3rd_party\AsmJit\core\compiler.h">
      <Filter>AsmJit\Core</Filter>
    </ClInclude>
    <ClInclude Include="..\3rd_party\AsmJit\core\constpool.h">
      <Filter>AsmJit\Core</Filter>
    </ClInclude>
    <ClInclude Include="..\3rd_party\AsmJit\core\cpuinfo.h">
      <Filter>AsmJit\Core</Filter>
    </ClInclude>
    <ClInclude Include="..\3rd_party\AsmJit\core\datatypes.h">
      <Filter>AsmJit\Core</Filter>
    </ClInclude>
    <ClInclude Include="..\3rd_party\AsmJit\core\emitter.h">
      <Filter>AsmJit\Core</Filter>
    </ClInclude>
    <ClInclude Include="..\3rd_party\AsmJit\core\emitterutils_p.h">
      <Filter>AsmJit\Core</Filter>
    </ClInclude>
    <ClInclude Include="..\3rd_party\AsmJit\core\environment.h">
      <Filter>AsmJit\Core</Filter>
    </ClInclude>
    <ClInclude Include="..\3rd_party\AsmJit\core\errorhandler.h">
      <Filter>AsmJit\Core</Filter>
    </ClInclude>
    <ClInclude Include="..\3rd_party\AsmJit\core\features.h">
      <Filter>AsmJit\Core</Filter>
    </ClInclude>
    <ClInclude Include="..\3rd_party\AsmJit\core\formatter.h">
      <Filter>AsmJit\Core</Filter>
    </ClInclude>
    <ClInclude Include="..\3rd_party\AsmJit\core\func.h">
      <Filter>AsmJit\Core</Filter>
    </ClInclude>
    <ClInclude Include="..\3rd_party\AsmJit\core\globals.h">
      <Filter>AsmJit\Core</Filter>
    </ClInclude>
    <ClInclude Include="..\3rd_party\AsmJit\core\inst.h">
      <Filter>AsmJit\Core</Filter>
    </ClInclude>
    <ClInclude Include="..\3rd_party\AsmJit\core\jitallocator.h">
      <Filter>AsmJit\Core</Filter>
    </ClInclude>
    <ClInclude Include="..\3rd_party\AsmJit\core\jitruntime.h">
      <Filter>AsmJit\Core</Filter>
    </ClInclude>
    <ClInclude Include="..\3rd_party\AsmJit\core\logger.h">
      <Filter>AsmJit\Core</Filter>
    </ClInclude>
    <ClInclude Include="..\3rd_party\AsmJit\core\misc_p.h">
      <Filter>AsmJit\Core</Filter>
    </ClInclude>
    <ClInclude Include="..\3rd_party\AsmJit\core\operand.h">
      <Filter>AsmJit\Core</Filter>
    </ClInclude>
    <ClInclude Include="..\3rd_party\AsmJit\core\osutils.h">
      <Filter>AsmJit\Core</Filter>
    </ClInclude>
    <ClInclude Include="..\3rd_party\AsmJit\core\osutils_p.h">
      <Filter>AsmJit\Core</Filter>
    </ClInclude>
    <ClInclude Include="..\3rd_party\AsmJit\core\raassignment_p.h">
      <Filter>AsmJit\Core</Filter>
    </ClInclude>
    <ClInclude Include="..\3rd_party\AsmJit\core\rabuilders_p.h">
      <Filter>AsmJit\Core</Filter>
    </ClInclude>
    <ClInclude Include="..\3rd_party\AsmJit\core\radefs_p.h">
      <Filter>AsmJit\Core</Filter>
    </ClInclude>
    <ClInclude Include="..\3rd_party\AsmJit\core\ralocal_p.h">
      <Filter>AsmJit\Core</Filter>
    </ClInclude>
    <ClInclude Include="..\3rd_party\AsmJit\core\rapass_p.h">
      <Filter>AsmJit\Core</Filter>
    </ClInclude>
    <ClInclude Include="..\3rd_party\AsmJit\core\rastack_p.h">
      <Filter>AsmJit\Core</Filter>
    </ClInclude>
    <ClInclude Include="..\3rd_party\AsmJit\core\string.h">
      <Filter>AsmJit\Core</Filter>
    </ClInclude>
    <ClInclude Include="..\3rd_party\AsmJit\core\support.h">
      <Filter>AsmJit\Core</Filter>
    </ClInclude>
    <ClInclude Include="..\3rd_party\AsmJit\core\target.h">
      <Filter>AsmJit\Core</Filter>
    </ClInclude>
    <ClInclude Include="..\3rd_party\AsmJit\core\type.h">
      <Filter>AsmJit\Core</Filter>
    </ClInclude>
    <ClInclude Include="..\3rd_party\AsmJit\core\virtmem.h">
      <Filter>AsmJit\Core</Filter>
    </ClInclude>
    <ClInclude Include="..\3rd_party\AsmJit\core\zone.h">
      <Filter>AsmJit\Core</Filter>
    </ClInclude>
    <ClInclude Include="..\3rd_party\AsmJit\core\zonehash.h">
      <Filter>AsmJit\Core</Filter>
    </ClInclude>
    <ClInclude Include="..\3rd_party\AsmJit\core\zonelist.h">
      <Filter>AsmJit\Core</Filter>
    </ClInclude>
    <ClInclude Include="..\3rd_party\AsmJit\core\zonestack.h">
      <Filter>AsmJit\Core</Filter>
    </ClInclude>
    <ClInclude Include="..\3rd_party\AsmJit\core\zonestring.h">
      <Filter>AsmJit\Core</Filter>
    </ClInclude>
    <ClInclude Include="..\3rd_party\AsmJit\core\zonetree.h">
      <Filter>AsmJit\Core</Filter>
    </ClInclude>
    <ClInclude Include="..\3rd_party\AsmJit\core\zonevector.h">
      <Filter>AsmJit\Core</Filter>
    </ClInclude>
  </ItemGroup>
  <ItemGroup>
    <MASM Include="Syscalls\Syscall64.asm">
      <Filter>Syscalls</Filter>
    </MASM>
    <MASM Include="Syscalls\Syscall32.asm">
      <Filter>Syscalls</Filter>
    </MASM>
  </ItemGroup>
  <ItemGroup>
    <None Include="Exports.def" />
  </ItemGroup>
</Project>